
Microsoft Visual Studio Solution File, Format Version 12.00
Project("{2150E333-8FDC-42A3-9474-1A3956D46DE8}") = "Sns", "Sns", "{0880DFB3-EC7F-45F0-9068-FB55309231F4}"
EndProject
Project("{2150E333-8FDC-42A3-9474-1A3956D46DE8}") = "DynamoDb", "DynamoDb", "{EC289CBF-2788-4527-9BFF-87E133CE0BC6}"
EndProject
Project("{2150E333-8FDC-42A3-9474-1A3956D46DE8}") = "S3", "S3", "{7299C57D-D027-4DF4-BF5A-D79DA8947A47}"
EndProject
Project("{2150E333-8FDC-42A3-9474-1A3956D46DE8}") = "SecretsManager", "SecretsManager", "{697C34D2-3054-4827-93F4-3971661DEC3B}"
EndProject
Project("{2150E333-8FDC-42A3-9474-1A3956D46DE8}") = "LambdaFunction", "LambdaFunction", "{8479CBD5-CA35-4C37-AC85-528C9E43B734}"
EndProject
Project("{FAE04EC0-301F-11D3-BF4B-00C04F79EFBC}") = "SqsConsumer", "src\Core\Sqs\SqsConsumer\SqsConsumer.csproj", "{403ACFC5-7075-479B-BFD0-AB65AF34EE9B}"
EndProject
Project("{2150E333-8FDC-42A3-9474-1A3956D46DE8}") = "Core", "Core", "{E216FA2A-3023-4008-A001-92054045E232}"
EndProject
Project("{2150E333-8FDC-42A3-9474-1A3956D46DE8}") = "Shared", "Shared", "{E2BDD7B4-9360-4572-B96F-A214AC129242}"
EndProject
Project("{FAE04EC0-301F-11D3-BF4B-00C04F79EFBC}") = "Contracts", "src\Shared\Contracts\Contracts.csproj", "{A33067B3-25CD-4625-BE50-BE71D72ABFED}"
EndProject
Project("{2150E333-8FDC-42A3-9474-1A3956D46DE8}") = "Sqs", "Sqs", "{791E0D99-74C2-4A41-A190-17CC66C103FF}"
EndProject
Project("{FAE04EC0-301F-11D3-BF4B-00C04F79EFBC}") = "Infrastructure", "src\Shared\Infrastructure\Infrastructure.csproj", "{B1A53861-165C-4950-B795-7BB46628693D}"
EndProject
Project("{FAE04EC0-301F-11D3-BF4B-00C04F79EFBC}") = "SqsPublisher", "src\Core\Sqs\SqsPublisher\SqsPublisher.csproj", "{4F687AED-9DD0-4DA3-A220-EBF569972346}"
EndProject
Project("{FAE04EC0-301F-11D3-BF4B-00C04F79EFBC}") = "User.Api", "src\Core\Sqs\User.Api\User.Api.csproj", "{8D85C2CB-5633-414C-A3FA-0026CDE22866}"
EndProject
Project("{FAE04EC0-301F-11D3-BF4B-00C04F79EFBC}") = "User.Consumer", "src\Core\Sqs\User.Consumer\User.Consumer.csproj", "{B5654C1E-DF31-4A77-939D-865D9A6CCD1C}"
EndProject
Project("{FAE04EC0-301F-11D3-BF4B-00C04F79EFBC}") = "SnsPublisher", "src\Core\Sns\SnsPublisher\SnsPublisher.csproj", "{D28714D8-04FC-43C2-8447-35E35183354A}"
EndProject
Project("{FAE04EC0-301F-11D3-BF4B-00C04F79EFBC}") = "User.Api", "src\Core\Sns\User.Api\User.Api.csproj", "{6A2DD3FA-08DD-4CF0-9036-B0A2BF8C6BCB}"
EndProject
Project("{FAE04EC0-301F-11D3-BF4B-00C04F79EFBC}") = "SimpleLambda", "src\Core\LambdaFunction\SimpleLambda\src\SimpleLambda\SimpleLambda.csproj", "{CFE02D7C-0194-4BF9-8446-EEE44C0DAC8B}"
EndProject
Project("{FAE04EC0-301F-11D3-BF4B-00C04F79EFBC}") = "SimpleLambdaServerless", "src\Core\LambdaFunction\SimpleLambdaServerless\src\SimpleLambdaServerless\SimpleLambdaServerless.csproj", "{5BC3D1EA-2E50-4076-BBFD-53BFF8253472}"
EndProject
Project("{FAE04EC0-301F-11D3-BF4B-00C04F79EFBC}") = "SimpleSqsLambda", "src\Core\LambdaFunction\SimpleSqsLambda\src\SimpleSqsLambda\SimpleSqsLambda.csproj", "{E894B781-2489-465A-9043-041F85F8F435}"
EndProject
Project("{FAE04EC0-301F-11D3-BF4B-00C04F79EFBC}") = "User.Api", "src\Core\DynamoDb\User.Api\User.Api.csproj", "{DBB6D26D-BF6F-4060-A593-CEBF03975BCE}"
EndProject
Project("{FAE04EC0-301F-11D3-BF4B-00C04F79EFBC}") = "User.Persistence.DynamoDb", "src\Core\DynamoDb\User.Persistence.DynamoDb\User.Persistence.DynamoDb.csproj", "{D65C4B20-B319-4A7B-A912-0DDBBBE0F65D}"
EndProject
Project("{FAE04EC0-301F-11D3-BF4B-00C04F79EFBC}") = "User.Application", "src\Core\DynamoDb\User.Application\User.Application.csproj", "{09DB6108-5B51-43C5-B92B-9681FD3A66B5}"
EndProject
Project("{FAE04EC0-301F-11D3-BF4B-00C04F79EFBC}") = "User.Domain", "src\Core\DynamoDb\User.Domain\User.Domain.csproj", "{3ECD59F6-5DD7-4819-955E-711D3B7CAEDE}"
EndProject
Project("{FAE04EC0-301F-11D3-BF4B-00C04F79EFBC}") = "SimpleS3", "src\Core\S3\SimpleS3\SimpleS3.csproj", "{666A3193-78EA-4C81-92C3-F126B10763E3}"
EndProject
Global
	GlobalSection(SolutionConfigurationPlatforms) = preSolution
		Debug|Any CPU = Debug|Any CPU
		Release|Any CPU = Release|Any CPU
	EndGlobalSection
	GlobalSection(NestedProjects) = preSolution
		{A33067B3-25CD-4625-BE50-BE71D72ABFED} = {E2BDD7B4-9360-4572-B96F-A214AC129242}
		{791E0D99-74C2-4A41-A190-17CC66C103FF} = {E216FA2A-3023-4008-A001-92054045E232}
		{403ACFC5-7075-479B-BFD0-AB65AF34EE9B} = {791E0D99-74C2-4A41-A190-17CC66C103FF}
		{B1A53861-165C-4950-B795-7BB46628693D} = {E2BDD7B4-9360-4572-B96F-A214AC129242}
		{4F687AED-9DD0-4DA3-A220-EBF569972346} = {791E0D99-74C2-4A41-A190-17CC66C103FF}
		{0880DFB3-EC7F-45F0-9068-FB55309231F4} = {E216FA2A-3023-4008-A001-92054045E232}
		{7299C57D-D027-4DF4-BF5A-D79DA8947A47} = {E216FA2A-3023-4008-A001-92054045E232}
		{697C34D2-3054-4827-93F4-3971661DEC3B} = {E216FA2A-3023-4008-A001-92054045E232}
		{EC289CBF-2788-4527-9BFF-87E133CE0BC6} = {E216FA2A-3023-4008-A001-92054045E232}
		{8479CBD5-CA35-4C37-AC85-528C9E43B734} = {E216FA2A-3023-4008-A001-92054045E232}
		{8D85C2CB-5633-414C-A3FA-0026CDE22866} = {791E0D99-74C2-4A41-A190-17CC66C103FF}
		{B5654C1E-DF31-4A77-939D-865D9A6CCD1C} = {791E0D99-74C2-4A41-A190-17CC66C103FF}
		{D28714D8-04FC-43C2-8447-35E35183354A} = {0880DFB3-EC7F-45F0-9068-FB55309231F4}
		{6A2DD3FA-08DD-4CF0-9036-B0A2BF8C6BCB} = {0880DFB3-EC7F-45F0-9068-FB55309231F4}
		{CFE02D7C-0194-4BF9-8446-EEE44C0DAC8B} = {8479CBD5-CA35-4C37-AC85-528C9E43B734}
		{5BC3D1EA-2E50-4076-BBFD-53BFF8253472} = {8479CBD5-CA35-4C37-AC85-528C9E43B734}
		{E894B781-2489-465A-9043-041F85F8F435} = {8479CBD5-CA35-4C37-AC85-528C9E43B734}
		{DBB6D26D-BF6F-4060-A593-CEBF03975BCE} = {EC289CBF-2788-4527-9BFF-87E133CE0BC6}
		{D65C4B20-B319-4A7B-A912-0DDBBBE0F65D} = {EC289CBF-2788-4527-9BFF-87E133CE0BC6}
		{09DB6108-5B51-43C5-B92B-9681FD3A66B5} = {EC289CBF-2788-4527-9BFF-87E133CE0BC6}
		{3ECD59F6-5DD7-4819-955E-711D3B7CAEDE} = {EC289CBF-2788-4527-9BFF-87E133CE0BC6}
		{666A3193-78EA-4C81-92C3-F126B10763E3} = {7299C57D-D027-4DF4-BF5A-D79DA8947A47}
	EndGlobalSection
	GlobalSection(ProjectConfigurationPlatforms) = postSolution
		{403ACFC5-7075-479B-BFD0-AB65AF34EE9B}.Debug|Any CPU.ActiveCfg = Debug|Any CPU
		{403ACFC5-7075-479B-BFD0-AB65AF34EE9B}.Debug|Any CPU.Build.0 = Debug|Any CPU
		{403ACFC5-7075-479B-BFD0-AB65AF34EE9B}.Release|Any CPU.ActiveCfg = Release|Any CPU
		{403ACFC5-7075-479B-BFD0-AB65AF34EE9B}.Release|Any CPU.Build.0 = Release|Any CPU
		{A33067B3-25CD-4625-BE50-BE71D72ABFED}.Debug|Any CPU.ActiveCfg = Debug|Any CPU
		{A33067B3-25CD-4625-BE50-BE71D72ABFED}.Debug|Any CPU.Build.0 = Debug|Any CPU
		{A33067B3-25CD-4625-BE50-BE71D72ABFED}.Release|Any CPU.ActiveCfg = Release|Any CPU
		{A33067B3-25CD-4625-BE50-BE71D72ABFED}.Release|Any CPU.Build.0 = Release|Any CPU
		{B1A53861-165C-4950-B795-7BB46628693D}.Debug|Any CPU.ActiveCfg = Debug|Any CPU
		{B1A53861-165C-4950-B795-7BB46628693D}.Debug|Any CPU.Build.0 = Debug|Any CPU
		{B1A53861-165C-4950-B795-7BB46628693D}.Release|Any CPU.ActiveCfg = Release|Any CPU
		{B1A53861-165C-4950-B795-7BB46628693D}.Release|Any CPU.Build.0 = Release|Any CPU
		{4F687AED-9DD0-4DA3-A220-EBF569972346}.Debug|Any CPU.ActiveCfg = Debug|Any CPU
		{4F687AED-9DD0-4DA3-A220-EBF569972346}.Debug|Any CPU.Build.0 = Debug|Any CPU
		{4F687AED-9DD0-4DA3-A220-EBF569972346}.Release|Any CPU.ActiveCfg = Release|Any CPU
		{4F687AED-9DD0-4DA3-A220-EBF569972346}.Release|Any CPU.Build.0 = Release|Any CPU
		{8D85C2CB-5633-414C-A3FA-0026CDE22866}.Debug|Any CPU.ActiveCfg = Debug|Any CPU
		{8D85C2CB-5633-414C-A3FA-0026CDE22866}.Debug|Any CPU.Build.0 = Debug|Any CPU
		{8D85C2CB-5633-414C-A3FA-0026CDE22866}.Release|Any CPU.ActiveCfg = Release|Any CPU
		{8D85C2CB-5633-414C-A3FA-0026CDE22866}.Release|Any CPU.Build.0 = Release|Any CPU
		{B5654C1E-DF31-4A77-939D-865D9A6CCD1C}.Debug|Any CPU.ActiveCfg = Debug|Any CPU
		{B5654C1E-DF31-4A77-939D-865D9A6CCD1C}.Debug|Any CPU.Build.0 = Debug|Any CPU
		{B5654C1E-DF31-4A77-939D-865D9A6CCD1C}.Release|Any CPU.ActiveCfg = Release|Any CPU
		{B5654C1E-DF31-4A77-939D-865D9A6CCD1C}.Release|Any CPU.Build.0 = Release|Any CPU
		{D28714D8-04FC-43C2-8447-35E35183354A}.Debug|Any CPU.ActiveCfg = Debug|Any CPU
		{D28714D8-04FC-43C2-8447-35E35183354A}.Debug|Any CPU.Build.0 = Debug|Any CPU
		{D28714D8-04FC-43C2-8447-35E35183354A}.Release|Any CPU.ActiveCfg = Release|Any CPU
		{D28714D8-04FC-43C2-8447-35E35183354A}.Release|Any CPU.Build.0 = Release|Any CPU
		{6A2DD3FA-08DD-4CF0-9036-B0A2BF8C6BCB}.Debug|Any CPU.ActiveCfg = Debug|Any CPU
		{6A2DD3FA-08DD-4CF0-9036-B0A2BF8C6BCB}.Debug|Any CPU.Build.0 = Debug|Any CPU
		{6A2DD3FA-08DD-4CF0-9036-B0A2BF8C6BCB}.Release|Any CPU.ActiveCfg = Release|Any CPU
		{6A2DD3FA-08DD-4CF0-9036-B0A2BF8C6BCB}.Release|Any CPU.Build.0 = Release|Any CPU
		{CFE02D7C-0194-4BF9-8446-EEE44C0DAC8B}.Debug|Any CPU.ActiveCfg = Debug|Any CPU
		{CFE02D7C-0194-4BF9-8446-EEE44C0DAC8B}.Debug|Any CPU.Build.0 = Debug|Any CPU
		{CFE02D7C-0194-4BF9-8446-EEE44C0DAC8B}.Release|Any CPU.ActiveCfg = Release|Any CPU
		{CFE02D7C-0194-4BF9-8446-EEE44C0DAC8B}.Release|Any CPU.Build.0 = Release|Any CPU
		{5BC3D1EA-2E50-4076-BBFD-53BFF8253472}.Debug|Any CPU.ActiveCfg = Debug|Any CPU
		{5BC3D1EA-2E50-4076-BBFD-53BFF8253472}.Debug|Any CPU.Build.0 = Debug|Any CPU
		{5BC3D1EA-2E50-4076-BBFD-53BFF8253472}.Release|Any CPU.ActiveCfg = Release|Any CPU
		{5BC3D1EA-2E50-4076-BBFD-53BFF8253472}.Release|Any CPU.Build.0 = Release|Any CPU
		{E894B781-2489-465A-9043-041F85F8F435}.Debug|Any CPU.ActiveCfg = Debug|Any CPU
		{E894B781-2489-465A-9043-041F85F8F435}.Debug|Any CPU.Build.0 = Debug|Any CPU
		{E894B781-2489-465A-9043-041F85F8F435}.Release|Any CPU.ActiveCfg = Release|Any CPU
		{E894B781-2489-465A-9043-041F85F8F435}.Release|Any CPU.Build.0 = Release|Any CPU
		{DBB6D26D-BF6F-4060-A593-CEBF03975BCE}.Debug|Any CPU.ActiveCfg = Debug|Any CPU
		{DBB6D26D-BF6F-4060-A593-CEBF03975BCE}.Debug|Any CPU.Build.0 = Debug|Any CPU
		{DBB6D26D-BF6F-4060-A593-CEBF03975BCE}.Release|Any CPU.ActiveCfg = Release|Any CPU
		{DBB6D26D-BF6F-4060-A593-CEBF03975BCE}.Release|Any CPU.Build.0 = Release|Any CPU
		{D65C4B20-B319-4A7B-A912-0DDBBBE0F65D}.Debug|Any CPU.ActiveCfg = Debug|Any CPU
		{D65C4B20-B319-4A7B-A912-0DDBBBE0F65D}.Debug|Any CPU.Build.0 = Debug|Any CPU
		{D65C4B20-B319-4A7B-A912-0DDBBBE0F65D}.Release|Any CPU.ActiveCfg = Release|Any CPU
		{D65C4B20-B319-4A7B-A912-0DDBBBE0F65D}.Release|Any CPU.Build.0 = Release|Any CPU
		{09DB6108-5B51-43C5-B92B-9681FD3A66B5}.Debug|Any CPU.ActiveCfg = Debug|Any CPU
		{09DB6108-5B51-43C5-B92B-9681FD3A66B5}.Debug|Any CPU.Build.0 = Debug|Any CPU
		{09DB6108-5B51-43C5-B92B-9681FD3A66B5}.Release|Any CPU.ActiveCfg = Release|Any CPU
		{09DB6108-5B51-43C5-B92B-9681FD3A66B5}.Release|Any CPU.Build.0 = Release|Any CPU
		{3ECD59F6-5DD7-4819-955E-711D3B7CAEDE}.Debug|Any CPU.ActiveCfg = Debug|Any CPU
		{3ECD59F6-5DD7-4819-955E-711D3B7CAEDE}.Debug|Any CPU.Build.0 = Debug|Any CPU
		{3ECD59F6-5DD7-4819-955E-711D3B7CAEDE}.Release|Any CPU.ActiveCfg = Release|Any CPU
		{3ECD59F6-5DD7-4819-955E-711D3B7CAEDE}.Release|Any CPU.Build.0 = Release|Any CPU
		{666A3193-78EA-4C81-92C3-F126B10763E3}.Debug|Any CPU.ActiveCfg = Debug|Any CPU
		{666A3193-78EA-4C81-92C3-F126B10763E3}.Debug|Any CPU.Build.0 = Debug|Any CPU
		{666A3193-78EA-4C81-92C3-F126B10763E3}.Release|Any CPU.ActiveCfg = Release|Any CPU
		{666A3193-78EA-4C81-92C3-F126B10763E3}.Release|Any CPU.Build.0 = Release|Any CPU
	EndGlobalSection
EndGlobal
